
Microsoft Visual Studio Solution File, Format Version 12.00
# Visual Studio Version 17
VisualStudioVersion = 17.13.35931.197 d17.13
MinimumVisualStudioVersion = 10.0.40219.1
Project("{FAE04EC0-301F-11D3-BF4B-00C04F79EFBC}") = "Grocery_Advance", "Grocery_Advance\Grocery_Advance.csproj", "{1A7B13B8-9F23-4782-B360-B344F6532360}"
EndProject
Global
	GlobalSection(SolutionConfigurationPlatforms) = preSolution
		Debug|Any CPU = Debug|Any CPU
		Release|Any CPU = Release|Any CPU
	EndGlobalSection
	GlobalSection(ProjectConfigurationPlatforms) = postSolution
		{1A7B13B8-9F23-4782-B360-B344F6532360}.Debug|Any CPU.ActiveCfg = Debug|Any CPU
		{1A7B13B8-9F23-4782-B360-B344F6532360}.Debug|Any CPU.Build.0 = Debug|Any CPU
		{1A7B13B8-9F23-4782-B360-B344F6532360}.Release|Any CPU.ActiveCfg = Release|Any CPU
		{1A7B13B8-9F23-4782-B360-B344F6532360}.Release|Any CPU.Build.0 = Release|Any CPU
	EndGlobalSection
	GlobalSection(SolutionProperties) = preSolution
		HideSolutionNode = FALSE
	EndGlobalSection
	GlobalSection(ExtensibilityGlobals) = postSolution
		SolutionGuid = {36B6C789-1571-4824-B8EA-FA8B8763B930}
	EndGlobalSection
EndGlobal
